// !$*UTF8*$!
{
	archiveVersion = 1;
	classes = {
	};
	objectVersion = 46;
	objects = {

/* Begin PBXBuildFile section */
		661C12AE1806C76A00D66E5C /* Foundation.framework in Frameworks */ = {isa = PBXBuildFile; fileRef = 661C12AD1806C76A00D66E5C /* Foundation.framework */; };
		661C12B01806C76A00D66E5C /* CoreGraphics.framework in Frameworks */ = {isa = PBXBuildFile; fileRef = 661C12AF1806C76A00D66E5C /* CoreGraphics.framework */; };
		661C12B21806C76A00D66E5C /* UIKit.framework in Frameworks */ = {isa = PBXBuildFile; fileRef = 661C12B11806C76A00D66E5C /* UIKit.framework */; };
		661C12B81806C76A00D66E5C /* InfoPlist.strings in Resources */ = {isa = PBXBuildFile; fileRef = 661C12B61806C76A00D66E5C /* InfoPlist.strings */; };
		661C12BA1806C76A00D66E5C /* main.m in Sources */ = {isa = PBXBuildFile; fileRef = 661C12B91806C76A00D66E5C /* main.m */; };
		661C12BE1806C76A00D66E5C /* SVDAppDelegate.m in Sources */ = {isa = PBXBuildFile; fileRef = 661C12BD1806C76A00D66E5C /* SVDAppDelegate.m */; };
		661C12C11806C76A00D66E5C /* Main.storyboard in Resources */ = {isa = PBXBuildFile; fileRef = 661C12BF1806C76A00D66E5C /* Main.storyboard */; };
		661C12C41806C76B00D66E5C /* SVDViewController.m in Sources */ = {isa = PBXBuildFile; fileRef = 661C12C31806C76B00D66E5C /* SVDViewController.m */; };
		661C12C61806C76B00D66E5C /* Images.xcassets in Resources */ = {isa = PBXBuildFile; fileRef = 661C12C51806C76B00D66E5C /* Images.xcassets */; };
		661C12CD1806C76B00D66E5C /* XCTest.framework in Frameworks */ = {isa = PBXBuildFile; fileRef = 661C12CC1806C76B00D66E5C /* XCTest.framework */; };
		661C12CE1806C76B00D66E5C /* Foundation.framework in Frameworks */ = {isa = PBXBuildFile; fileRef = 661C12AD1806C76A00D66E5C /* Foundation.framework */; };
		661C12CF1806C76B00D66E5C /* UIKit.framework in Frameworks */ = {isa = PBXBuildFile; fileRef = 661C12B11806C76A00D66E5C /* UIKit.framework */; };
		661C12D71806C76B00D66E5C /* InfoPlist.strings in Resources */ = {isa = PBXBuildFile; fileRef = 661C12D51806C76B00D66E5C /* InfoPlist.strings */; };
		661C12D91806C76B00D66E5C /* Hello_WorldTests.m in Sources */ = {isa = PBXBuildFile; fileRef = 661C12D81806C76B00D66E5C /* Hello_WorldTests.m */; };
/* End PBXBuildFile section */

/* Begin PBXContainerItemProxy section */
		661C12D01806C76B00D66E5C /* PBXContainerItemProxy */ = {
			isa = PBXContainerItemProxy;
			containerPortal = 661C12A21806C76A00D66E5C /* Project object */;
			proxyType = 1;
			remoteGlobalIDString = 661C12A91806C76A00D66E5C;
			remoteInfo = "Hello World";
		};
/* End PBXContainerItemProxy section */

/* Begin PBXFileReference section */
		661C12AA1806C76A00D66E5C /* Hello World.app */ = {isa = PBXFileReference; explicitFileType = wrapper.application; includeInIndex = 0; path = "Hello World.app"; sourceTree = BUILT_PRODUCTS_DIR; };
		661C12AD1806C76A00D66E5C /* Foundation.framework */ = {isa = PBXFileReference; lastKnownFileType = wrapper.framework; name = Foundation.framework; path = System/Library/Frameworks/Foundation.framework; sourceTree = SDKROOT; };
		661C12AF1806C76A00D66E5C /* CoreGraphics.framework */ = {isa = PBXFileReference; lastKnownFileType = wrapper.framework; name = CoreGraphics.framework; path = System/Library/Frameworks/CoreGraphics.framework; sourceTree = SDKROOT; };
		661C12B11806C76A00D66E5C /* UIKit.framework */ = {isa = PBXFileReference; lastKnownFileType = wrapper.framework; name = UIKit.framework; path = System/Library/Frameworks/UIKit.framework; sourceTree = SDKROOT; };
		661C12B51806C76A00D66E5C /* Hello World-Info.plist */ = {isa = PBXFileReference; lastKnownFileType = text.plist.xml; path = "Hello World-Info.plist"; sourceTree = "<group>"; };
		661C12B71806C76A00D66E5C /* en */ = {isa = PBXFileReference; lastKnownFileType = text.plist.strings; name = en; path = en.lproj/InfoPlist.strings; sourceTree = "<group>"; };
		661C12B91806C76A00D66E5C /* main.m */ = {isa = PBXFileReference; lastKnownFileType = sourcecode.c.objc; path = main.m; sourceTree = "<group>"; };
		661C12BB1806C76A00D66E5C /* Hello World-Prefix.pch */ = {isa = PBXFileReference; lastKnownFileType = sourcecode.c.h; path = "Hello World-Prefix.pch"; sourceTree = "<group>"; };
		661C12BC1806C76A00D66E5C /* SVDAppDelegate.h */ = {isa = PBXFileReference; lastKnownFileType = sourcecode.c.h; path = SVDAppDelegate.h; sourceTree = "<group>"; };
		661C12BD1806C76A00D66E5C /* SVDAppDelegate.m */ = {isa = PBXFileReference; lastKnownFileType = sourcecode.c.objc; path = SVDAppDelegate.m; sourceTree = "<group>"; };
		661C12C01806C76A00D66E5C /* Base */ = {isa = PBXFileReference; lastKnownFileType = file.storyboard; name = Base; path = Base.lproj/Main.storyboard; sourceTree = "<group>"; };
		661C12C21806C76B00D66E5C /* SVDViewController.h */ = {isa = PBXFileReference; lastKnownFileType = sourcecode.c.h; path = SVDViewController.h; sourceTree = "<group>"; };
		661C12C31806C76B00D66E5C /* SVDViewController.m */ = {isa = PBXFileReference; lastKnownFileType = sourcecode.c.objc; path = SVDViewController.m; sourceTree = "<group>"; };
		661C12C51806C76B00D66E5C /* Images.xcassets */ = {isa = PBXFileReference; lastKnownFileType = folder.assetcatalog; path = Images.xcassets; sourceTree = "<group>"; };
		661C12CB1806C76B00D66E5C /* Hello WorldTests.xctest */ = {isa = PBXFileReference; explicitFileType = wrapper.cfbundle; includeInIndex = 0; path = "Hello WorldTests.xctest"; sourceTree = BUILT_PRODUCTS_DIR; };
		661C12CC1806C76B00D66E5C /* XCTest.framework */ = {isa = PBXFileReference; lastKnownFileType = wrapper.framework; name = XCTest.framework; path = Library/Frameworks/XCTest.framework; sourceTree = DEVELOPER_DIR; };
		661C12D41806C76B00D66E5C /* Hello WorldTests-Info.plist */ = {isa = PBXFileReference; lastKnownFileType = text.plist.xml; path = "Hello WorldTests-Info.plist"; sourceTree = "<group>"; };
		661C12D61806C76B00D66E5C /* en */ = {isa = PBXFileReference; lastKnownFileType = text.plist.strings; name = en; path = en.lproj/InfoPlist.strings; sourceTree = "<group>"; };
		661C12D81806C76B00D66E5C /* Hello_WorldTests.m */ = {isa = PBXFileReference; lastKnownFileType = sourcecode.c.objc; path = Hello_WorldTests.m; sourceTree = "<group>"; };
/* End PBXFileReference section */

/* Begin PBXFrameworksBuildPhase section */
		661C12A71806C76A00D66E5C /* Frameworks */ = {
			isa = PBXFrameworksBuildPhase;
			buildActionMask = 2147483647;
			files = (
				661C12B01806C76A00D66E5C /* CoreGraphics.framework in Frameworks */,
				661C12B21806C76A00D66E5C /* UIKit.framework in Frameworks */,
				661C12AE1806C76A00D66E5C /* Foundation.framework in Frameworks */,
			);
			runOnlyForDeploymentPostprocessing = 0;
		};
		661C12C81806C76B00D66E5C /* Frameworks */ = {
			isa = PBXFrameworksBuildPhase;
			buildActionMask = 2147483647;
			files = (
				661C12CD1806C76B00D66E5C /* XCTest.framework in Frameworks */,
				661C12CF1806C76B00D66E5C /* UIKit.framework in Frameworks */,
				661C12CE1806C76B00D66E5C /* Foundation.framework in Frameworks */,
			);
			runOnlyForDeploymentPostprocessing = 0;
		};
/* End PBXFrameworksBuildPhase section */

/* Begin PBXGroup section */
		661C12A11806C76A00D66E5C = {
			isa = PBXGroup;
			children = (
				661C12B31806C76A00D66E5C /* Hello World */,
				661C12D21806C76B00D66E5C /* Hello WorldTests */,
				661C12AC1806C76A00D66E5C /* Frameworks */,
				661C12AB1806C76A00D66E5C /* Products */,
			);
			sourceTree = "<group>";
		};
		661C12AB1806C76A00D66E5C /* Products */ = {
			isa = PBXGroup;
			children = (
				661C12AA1806C76A00D66E5C /* Hello World.app */,
				661C12CB1806C76B00D66E5C /* Hello WorldTests.xctest */,
			);
			name = Products;
			sourceTree = "<group>";
		};
		661C12AC1806C76A00D66E5C /* Frameworks */ = {
			isa = PBXGroup;
			children = (
				661C12AD1806C76A00D66E5C /* Foundation.framework */,
				661C12AF1806C76A00D66E5C /* CoreGraphics.framework */,
				661C12B11806C76A00D66E5C /* UIKit.framework */,
				661C12CC1806C76B00D66E5C /* XCTest.framework */,
			);
			name = Frameworks;
			sourceTree = "<group>";
		};
		661C12B31806C76A00D66E5C /* Hello World */ = {
			isa = PBXGroup;
			children = (
				661C12BC1806C76A00D66E5C /* SVDAppDelegate.h */,
				661C12BD1806C76A00D66E5C /* SVDAppDelegate.m */,
				661C12BF1806C76A00D66E5C /* Main.storyboard */,
				661C12C21806C76B00D66E5C /* SVDViewController.h */,
				661C12C31806C76B00D66E5C /* SVDViewController.m */,
				661C12C51806C76B00D66E5C /* Images.xcassets */,
				661C12B41806C76A00D66E5C /* Supporting Files */,
			);
			path = "Hello World";
			sourceTree = "<group>";
		};
		661C12B41806C76A00D66E5C /* Supporting Files */ = {
			isa = PBXGroup;
			children = (
				661C12B51806C76A00D66E5C /* Hello World-Info.plist */,
				661C12B61806C76A00D66E5C /* InfoPlist.strings */,
				661C12B91806C76A00D66E5C /* main.m */,
				661C12BB1806C76A00D66E5C /* Hello World-Prefix.pch */,
			);
			name = "Supporting Files";
			sourceTree = "<group>";
		};
		661C12D21806C76B00D66E5C /* Hello WorldTests */ = {
			isa = PBXGroup;
			children = (
				661C12D81806C76B00D66E5C /* Hello_WorldTests.m */,
				661C12D31806C76B00D66E5C /* Supporting Files */,
			);
			path = "Hello WorldTests";
			sourceTree = "<group>";
		};
		661C12D31806C76B00D66E5C /* Supporting Files */ = {
			isa = PBXGroup;
			children = (
				661C12D41806C76B00D66E5C /* Hello WorldTests-Info.plist */,
				661C12D51806C76B00D66E5C /* InfoPlist.strings */,
			);
			name = "Supporting Files";
			sourceTree = "<group>";
		};
/* End PBXGroup section */

/* Begin PBXNativeTarget section */
		661C12A91806C76A00D66E5C /* Hello World */ = {
			isa = PBXNativeTarget;
			buildConfigurationList = 661C12DC1806C76B00D66E5C /* Build configuration list for PBXNativeTarget "Hello World" */;
			buildPhases = (
				661C12A61806C76A00D66E5C /* Sources */,
				661C12A71806C76A00D66E5C /* Frameworks */,
				661C12A81806C76A00D66E5C /* Resources */,
			);
			buildRules = (
			);
			dependencies = (
			);
			name = "Hello World";
			productName = "Hello World";
			productReference = 661C12AA1806C76A00D66E5C /* Hello World.app */;
			productType = "com.apple.product-type.application";
		};
		661C12CA1806C76B00D66E5C /* Hello WorldTests */ = {
			isa = PBXNativeTarget;
			buildConfigurationList = 661C12DF1806C76B00D66E5C /* Build configuration list for PBXNativeTarget "Hello WorldTests" */;
			buildPhases = (
				661C12C71806C76B00D66E5C /* Sources */,
				661C12C81806C76B00D66E5C /* Frameworks */,
				661C12C91806C76B00D66E5C /* Resources */,
			);
			buildRules = (
			);
			dependencies = (
				661C12D11806C76B00D66E5C /* PBXTargetDependency */,
			);
			name = "Hello WorldTests";
			productName = "Hello WorldTests";
			productReference = 661C12CB1806C76B00D66E5C /* Hello WorldTests.xctest */;
			productType = "com.apple.product-type.bundle.unit-test";
		};
/* End PBXNativeTarget section */

/* Begin PBXProject section */
		661C12A21806C76A00D66E5C /* Project object */ = {
			isa = PBXProject;
			attributes = {
				CLASSPREFIX = SVD;
				LastUpgradeCheck = 0500;
				ORGANIZATIONNAME = "Stour Valley Designs";
				TargetAttributes = {
					661C12CA1806C76B00D66E5C = {
						TestTargetID = 661C12A91806C76A00D66E5C;
					};
				};
			};
			buildConfigurationList = 661C12A51806C76A00D66E5C /* Build configuration list for PBXProject "Hello World" */;
			compatibilityVersion = "Xcode 3.2";
			developmentRegion = English;
			hasScannedForEncodings = 0;
			knownRegions = (
				en,
				Base,
			);
			mainGroup = 661C12A11806C76A00D66E5C;
			productRefGroup = 661C12AB1806C76A00D66E5C /* Products */;
			projectDirPath = "";
			projectRoot = "";
			targets = (
				661C12A91806C76A00D66E5C /* Hello World */,
				661C12CA1806C76B00D66E5C /* Hello WorldTests */,
			);
		};
/* End PBXProject section */

/* Begin PBXResourcesBuildPhase section */
		661C12A81806C76A00D66E5C /* Resources */ = {
			isa = PBXResourcesBuildPhase;
			buildActionMask = 2147483647;
			files = (
				661C12C61806C76B00D66E5C /* Images.xcassets in Resources */,
				661C12B81806C76A00D66E5C /* InfoPlist.strings in Resources */,
				661C12C11806C76A00D66E5C /* Main.storyboard in Resources */,
			);
			runOnlyForDeploymentPostprocessing = 0;
		};
		661C12C91806C76B00D66E5C /* Resources */ = {
			isa = PBXResourcesBuildPhase;
			buildActionMask = 2147483647;
			files = (
				661C12D71806C76B00D66E5C /* InfoPlist.strings in Resources */,
			);
			runOnlyForDeploymentPostprocessing = 0;
		};
/* End PBXResourcesBuildPhase section */

/* Begin PBXSourcesBuildPhase section */
		661C12A61806C76A00D66E5C /* Sources */ = {
			isa = PBXSourcesBuildPhase;
			buildActionMask = 2147483647;
			files = (
				661C12C41806C76B00D66E5C /* SVDViewController.m in Sources */,
				661C12BE1806C76A00D66E5C /* SVDAppDelegate.m in Sources */,
				661C12BA1806C76A00D66E5C /* main.m in Sources */,
			);
			runOnlyForDeploymentPostprocessing = 0;
		};
		661C12C71806C76B00D66E5C /* Sources */ = {
			isa = PBXSourcesBuildPhase;
			buildActionMask = 2147483647;
			files = (
				661C12D91806C76B00D66E5C /* Hello_WorldTests.m in Sources */,
			);
			runOnlyForDeploymentPostprocessing = 0;
		};
/* End PBXSourcesBuildPhase section */

/* Begin PBXTargetDependency section */
		661C12D11806C76B00D66E5C /* PBXTargetDependency */ = {
			isa = PBXTargetDependency;
			target = 661C12A91806C76A00D66E5C /* Hello World */;
			targetProxy = 661C12D01806C76B00D66E5C /* PBXContainerItemProxy */;
		};
/* End PBXTargetDependency section */

/* Begin PBXVariantGroup section */
		661C12B61806C76A00D66E5C /* InfoPlist.strings */ = {
			isa = PBXVariantGroup;
			children = (
				661C12B71806C76A00D66E5C /* en */,
			);
			name = InfoPlist.strings;
			sourceTree = "<group>";
		};
		661C12BF1806C76A00D66E5C /* Main.storyboard */ = {
			isa = PBXVariantGroup;
			children = (
				661C12C01806C76A00D66E5C /* Base */,
			);
			name = Main.storyboard;
			sourceTree = "<group>";
		};
		661C12D51806C76B00D66E5C /* InfoPlist.strings */ = {
			isa = PBXVariantGroup;
			children = (
				661C12D61806C76B00D66E5C /* en */,
			);
			name = InfoPlist.strings;
			sourceTree = "<group>";
		};
/* End PBXVariantGroup section */

/* Begin XCBuildConfiguration section */
		661C12DA1806C76B00D66E5C /* Debug */ = {
			isa = XCBuildConfiguration;
			buildSettings = {
				ALWAYS_SEARCH_USER_PATHS = NO;
				ARCHS = "$(ARCHS_STANDARD_INCLUDING_64_BIT)";
				CLANG_CXX_LANGUAGE_STANDARD = "gnu++0x";
				CLANG_CXX_LIBRARY = "libc++";
				CLANG_ENABLE_MODULES = YES;
				CLANG_ENABLE_OBJC_ARC = YES;
				CLANG_WARN_BOOL_CONVERSION = YES;
				CLANG_WARN_CONSTANT_CONVERSION = YES;
				CLANG_WARN_DIRECT_OBJC_ISA_USAGE = YES_ERROR;
				CLANG_WARN_EMPTY_BODY = YES;
				CLANG_WARN_ENUM_CONVERSION = YES;
				CLANG_WARN_INT_CONVERSION = YES;
				CLANG_WARN_OBJC_ROOT_CLASS = YES_ERROR;
				CLANG_WARN__DUPLICATE_METHOD_MATCH = YES;
				"CODE_SIGN_IDENTITY[sdk=iphoneos*]" = "iPhone Developer";
				COPY_PHASE_STRIP = NO;
				GCC_C_LANGUAGE_STANDARD = gnu99;
				GCC_DYNAMIC_NO_PIC = NO;
				GCC_OPTIMIZATION_LEVEL = 0;
				GCC_PREPROCESSOR_DEFINITIONS = (
					"DEBUG=1",
					"$(inherited)",
				);
				GCC_SYMBOLS_PRIVATE_EXTERN = NO;
				GCC_WARN_64_TO_32_BIT_CONVERSION = YES;
				GCC_WARN_ABOUT_RETURN_TYPE = YES_ERROR;
				GCC_WARN_UNDECLARED_SELECTOR = YES;
				GCC_WARN_UNINITIALIZED_AUTOS = YES;
				GCC_WARN_UNUSED_FUNCTION = YES;
				GCC_WARN_UNUSED_VARIABLE = YES;
				IPHONEOS_DEPLOYMENT_TARGET = 7.0;
				ONLY_ACTIVE_ARCH = YES;
				SDKROOT = iphoneos;
			};
			name = Debug;
		};
		661C12DB1806C76B00D66E5C /* Release */ = {
			isa = XCBuildConfiguration;
			buildSettings = {
				ALWAYS_SEARCH_USER_PATHS = NO;
				ARCHS = "$(ARCHS_STANDARD_INCLUDING_64_BIT)";
				CLANG_CXX_LANGUAGE_STANDARD = "gnu++0x";
				CLANG_CXX_LIBRARY = "libc++";
				CLANG_ENABLE_MODULES = YES;
				CLANG_ENABLE_OBJC_ARC = YES;
				CLANG_WARN_BOOL_CONVERSION = YES;
				CLANG_WARN_CONSTANT_CONVERSION = YES;
				CLANG_WARN_DIRECT_OBJC_ISA_USAGE = YES_ERROR;
				CLANG_WARN_EMPTY_BODY = YES;
				CLANG_WARN_ENUM_CONVERSION = YES;
				CLANG_WARN_INT_CONVERSION = YES;
				CLANG_WARN_OBJC_ROOT_CLASS = YES_ERROR;
				CLANG_WARN__DUPLICATE_METHOD_MATCH = YES;
				"CODE_SIGN_IDENTITY[sdk=iphoneos*]" = "iPhone Developer";
				COPY_PHASE_STRIP = YES;
				ENABLE_NS_ASSERTIONS = NO;
				GCC_C_LANGUAGE_STANDARD = gnu99;
				GCC_WARN_64_TO_32_BIT_CONVERSION = YES;
				GCC_WARN_ABOUT_RETURN_TYPE = YES_ERROR;
				GCC_WARN_UNDECLARED_SELECTOR = YES;
				GCC_WARN_UNINITIALIZED_AUTOS = YES;
				GCC_WARN_UNUSED_FUNCTION = YES;
				GCC_WARN_UNUSED_VARIABLE = YES;
				IPHONEOS_DEPLOYMENT_TARGET = 7.0;
				SDKROOT = iphoneos;
				VALIDATE_PRODUCT = YES;
			};
			name = Release;
		};
		661C12DD1806C76B00D66E5C /* Debug */ = {
			isa = XCBuildConfiguration;
			buildSettings = {
				ASSETCATALOG_COMPILER_APPICON_NAME = AppIcon;
				ASSETCATALOG_COMPILER_LAUNCHIMAGE_NAME = LaunchImage;
				GCC_PRECOMPILE_PREFIX_HEADER = YES;
				GCC_PREFIX_HEADER = "Hello World/Hello World-Prefix.pch";
				INFOPLIST_FILE = "Hello World/Hello World-Info.plist";
				PRODUCT_NAME = "$(TARGET_NAME)";
				WRAPPER_EXTENSION = app;
			};
			name = Debug;
		};
		661C12DE1806C76B00D66E5C /* Release */ = {
			isa = XCBuildConfiguration;
			buildSettings = {
				ASSETCATALOG_COMPILER_APPICON_NAME = AppIcon;
				ASSETCATALOG_COMPILER_LAUNCHIMAGE_NAME = LaunchImage;
				GCC_PRECOMPILE_PREFIX_HEADER = YES;
				GCC_PREFIX_HEADER = "Hello World/Hello World-Prefix.pch";
				INFOPLIST_FILE = "Hello World/Hello World-Info.plist";
				PRODUCT_NAME = "$(TARGET_NAME)";
				WRAPPER_EXTENSION = app;
			};
			name = Release;
		};
		661C12E01806C76B00D66E5C /* Debug */ = {
			isa = XCBuildConfiguration;
			buildSettings = {
				ARCHS = "$(ARCHS_STANDARD_INCLUDING_64_BIT)";
				BUNDLE_LOADER = "$(BUILT_PRODUCTS_DIR)/Hello World.app/Hello World";
				FRAMEWORK_SEARCH_PATHS = (
					"$(SDKROOT)/Developer/Library/Frameworks",
					"$(inherited)",
					"$(DEVELOPER_FRAMEWORKS_DIR)",
				);
				GCC_PRECOMPILE_PREFIX_HEADER = YES;
				GCC_PREFIX_HEADER = "Hello World/Hello World-Prefix.pch";
				GCC_PREPROCESSOR_DEFINITIONS = (
					"DEBUG=1",
					"$(inherited)",
				);
				INFOPLIST_FILE = "Hello WorldTests/Hello WorldTests-Info.plist";
				PRODUCT_NAME = "$(TARGET_NAME)";
				TEST_HOST = "$(BUNDLE_LOADER)";
				WRAPPER_EXTENSION = xctest;
			};
			name = Debug;
		};
		661C12E11806C76B00D66E5C /* Release */ = {
			isa = XCBuildConfiguration;
			buildSettings = {
				ARCHS = "$(ARCHS_STANDARD_INCLUDING_64_BIT)";
				BUNDLE_LOADER = "$(BUILT_PRODUCTS_DIR)/Hello World.app/Hello World";
				FRAMEWORK_SEARCH_PATHS = (
					"$(SDKROOT)/Developer/Library/Frameworks",
					"$(inherited)",
					"$(DEVELOPER_FRAMEWORKS_DIR)",
				);
				GCC_PRECOMPILE_PREFIX_HEADER = YES;
				GCC_PREFIX_HEADER = "Hello World/Hello World-Prefix.pch";
				INFOPLIST_FILE = "Hello WorldTests/Hello WorldTests-Info.plist";
				PRODUCT_NAME = "$(TARGET_NAME)";
				TEST_HOST = "$(BUNDLE_LOADER)";
				WRAPPER_EXTENSION = xctest;
			};
			name = Release;
		};
/* End XCBuildConfiguration section */

/* Begin XCConfigurationList section */
		661C12A51806C76A00D66E5C /* Build configuration list for PBXProject "Hello World" */ = {
			isa = XCConfigurationList;
			buildConfigurations = (
				661C12DA1806C76B00D66E5C /* Debug */,
				661C12DB1806C76B00D66E5C /* Release */,
			);
			defaultConfigurationIsVisible = 0;
			defaultConfigurationName = Release;
		};
		661C12DC1806C76B00D66E5C /* Build configuration list for PBXNativeTarget "Hello World" */ = {
			isa = XCConfigurationList;
			buildConfigurations = (
				661C12DD1806C76B00D66E5C /* Debug */,
				661C12DE1806C76B00D66E5C /* Release */,
			);
			defaultConfigurationIsVisible = 0;
		};
		661C12DF1806C76B00D66E5C /* Build configuration list for PBXNativeTarget "Hello WorldTests" */ = {
			isa = XCConfigurationList;
			buildConfigurations = (
				661C12E01806C76B00D66E5C /* Debug */,
				661C12E11806C76B00D66E5C /* Release */,
			);
			defaultConfigurationIsVisible = 0;
		};
/* End XCConfigurationList section */
	};
	rootObject = 661C12A21806C76A00D66E5C /* Project object */;
}
